{
  "name": "starfall-common",
  "version": "2.10.0",
  "lockfileVersion": 3,
  "requires": true,
  "packages": {
    "": {
      "name": "starfall-common",
      "version": "2.10.0",
      "dependencies": {
        "date-fns": "^2.29.2",
        "date-fns-tz": "^1.3.6",
        "ecef-projector": "^1.0.1",
        "jsonschema": "github:tdegrunt/jsonschema#84ed77b",
        "ramda": "^0.30.1",
        "uuid": "^8.3.2"
      },
      "devDependencies": {
        "@types/ecef-projector": "file:Types/ecef-projector",
        "@types/google-protobuf": "^3.15.2",
        "@types/node": "^22.7.5",
        "@types/ramda": "^0.30.2",
        "ts-protoc-gen": "^0.15.0",
        "typescript": "~5.4.0"
      }
    },
    "node_modules/@babel/runtime": {
      "version": "7.26.0",
      "resolved": "https://registry.npmjs.org/@babel/runtime/-/runtime-7.26.0.tgz",
      "integrity": "sha512-FDSOghenHTiToteC/QRlv2q3DhPZ/oOXTBoirfWNx1Cx3TMVcGWQtMMmQcSvb/JjpNeGzx8Pq/b4fKEJuWm1sw==",
      "dependencies": {
        "regenerator-runtime": "^0.14.0"
      },
      "engines": {
        "node": ">=6.9.0"
      }
    },
    "node_modules/@types/ecef-projector": {
      "resolved": "Types/ecef-projector",
      "link": true
    },
    "node_modules/@types/google-protobuf": {
      "version": "3.15.12",
      "resolved": "https://registry.npmjs.org/@types/google-protobuf/-/google-protobuf-3.15.12.tgz",
      "integrity": "sha512-40um9QqwHjRS92qnOaDpL7RmDK15NuZYo9HihiJRbYkMQZlWnuH8AdvbMy8/o6lgLmKbDUKa+OALCltHdbOTpQ==",
      "dev": true
    },
    "node_modules/@types/node": {
      "version": "22.10.5",
      "resolved": "https://registry.npmjs.org/@types/node/-/node-22.10.5.tgz",
      "integrity": "sha512-F8Q+SeGimwOo86fiovQh8qiXfFEh2/ocYv7tU5pJ3EXMSSxk1Joj5wefpFK2fHTf/N6HKGSxIDBT9f3gCxXPkQ==",
      "dev": true,
      "license": "MIT",
      "dependencies": {
        "undici-types": "~6.20.0"
      }
    },
    "node_modules/@types/ramda": {
      "version": "0.30.2",
      "resolved": "https://registry.npmjs.org/@types/ramda/-/ramda-0.30.2.tgz",
      "integrity": "sha512-PyzHvjCalm2BRYjAU6nIB3TprYwMNOUY/7P/N8bSzp9W/yM2YrtGtAnnVtaCNSeOZ8DzKyFDvaqQs7LnWwwmBA==",
      "dev": true,
      "license": "MIT",
      "dependencies": {
        "types-ramda": "^0.30.1"
      }
    },
    "node_modules/date-fns": {
      "version": "2.30.0",
      "resolved": "https://registry.npmjs.org/date-fns/-/date-fns-2.30.0.tgz",
      "integrity": "sha512-fnULvOpxnC5/Vg3NCiWelDsLiUc9bRwAPs/+LfTLNvetFCtCTN+yQz15C/fs4AwX1R9K5GLtLfn8QW+dWisaAw==",
      "dependencies": {
        "@babel/runtime": "^7.21.0"
      },
      "engines": {
        "node": ">=0.11"
      },
      "funding": {
        "type": "opencollective",
        "url": "https://opencollective.com/date-fns"
      }
    },
    "node_modules/date-fns-tz": {
      "version": "1.3.8",
      "resolved": "https://registry.npmjs.org/date-fns-tz/-/date-fns-tz-1.3.8.tgz",
      "integrity": "sha512-qwNXUFtMHTTU6CFSFjoJ80W8Fzzp24LntbjFFBgL/faqds4e5mo9mftoRLgr3Vi1trISsg4awSpYVsOQCRnapQ==",
      "peerDependencies": {
        "date-fns": ">=2.0.0"
      }
    },
    "node_modules/ecef-projector": {
      "version": "1.0.1",
      "resolved": "https://registry.npmjs.org/ecef-projector/-/ecef-projector-1.0.1.tgz",
      "integrity": "sha512-PPU78M7RST2AKJ9yC05jwFjAckylvuZYEOVsvJ0FZbzsBGZzd/YwsO1Q74cAhAbcKn+xUmlKLJn/o+2JjmgB1g==",
      "dependencies": {
        "wgs84": "0.0.0"
      }
    },
    "node_modules/google-protobuf": {
      "version": "3.21.4",
      "resolved": "https://registry.npmjs.org/google-protobuf/-/google-protobuf-3.21.4.tgz",
      "integrity": "sha512-MnG7N936zcKTco4Jd2PX2U96Kf9PxygAPKBug+74LHzmHXmceN16MmRcdgZv+DGef/S9YvQAfRsNCn4cjf9yyQ==",
      "dev": true
    },
    "node_modules/jsonschema": {
      "version": "1.4.1",
      "resolved": "git+ssh://git@github.com/tdegrunt/jsonschema.git#84ed77ba2e5f9f3f4dbd340499a7f4efcaf1deb5",
      "integrity": "sha512-QXKZpjQ2pGZ/ck5OLSHImY708fLmNVUHTA4+pj8hezBj9I1L+r7ra4l65QfFw4SMaXA6GVtvmJHcbdeRA8CXUg==",
      "license": "MIT",
      "engines": {
        "node": "*"
      }
    },
    "node_modules/ramda": {
      "version": "0.30.1",
      "resolved": "https://registry.npmjs.org/ramda/-/ramda-0.30.1.tgz",
      "integrity": "sha512-tEF5I22zJnuclswcZMc8bDIrwRHRzf+NqVEmqg50ShAZMP7MWeR/RGDthfM/p+BlqvF2fXAzpn8i+SJcYD3alw==",
      "license": "MIT",
      "funding": {
        "type": "opencollective",
        "url": "https://opencollective.com/ramda"
      }
    },
    "node_modules/regenerator-runtime": {
      "version": "0.14.1",
      "resolved": "https://registry.npmjs.org/regenerator-runtime/-/regenerator-runtime-0.14.1.tgz",
      "integrity": "sha512-dYnhHh0nJoMfnkZs6GmmhFknAGRrLznOu5nc9ML+EJxGvrx6H7teuevqVqCuPcPK//3eDrrjQhehXVx9cnkGdw=="
    },
    "node_modules/ts-protoc-gen": {
      "version": "0.15.0",
      "resolved": "https://registry.npmjs.org/ts-protoc-gen/-/ts-protoc-gen-0.15.0.tgz",
      "integrity": "sha512-TycnzEyrdVDlATJ3bWFTtra3SCiEP0W0vySXReAuEygXCUr1j2uaVyL0DhzjwuUdQoW5oXPwk6oZWeA0955V+g==",
      "dev": true,
      "dependencies": {
        "google-protobuf": "^3.15.5"
      },
      "bin": {
        "protoc-gen-ts": "bin/protoc-gen-ts"
      }
    },
    "node_modules/ts-toolbelt": {
      "version": "9.6.0",
      "resolved": "https://registry.npmjs.org/ts-toolbelt/-/ts-toolbelt-9.6.0.tgz",
      "integrity": "sha512-nsZd8ZeNUzukXPlJmTBwUAuABDe/9qtVDelJeT/qW0ow3ZS3BsQJtNkan1802aM9Uf68/Y8ljw86Hu0h5IUW3w==",
      "dev": true,
      "license": "Apache-2.0"
    },
    "node_modules/types-ramda": {
      "version": "0.30.1",
      "resolved": "https://registry.npmjs.org/types-ramda/-/types-ramda-0.30.1.tgz",
      "integrity": "sha512-1HTsf5/QVRmLzcGfldPFvkVsAdi1db1BBKzi7iW3KBUlOICg/nKnFS+jGqDJS3YD8VsWbAh7JiHeBvbsw8RPxA==",
      "dev": true,
      "license": "MIT",
      "dependencies": {
        "ts-toolbelt": "^9.6.0"
      }
    },
    "node_modules/typescript": {
      "version": "5.4.5",
      "resolved": "https://registry.npmjs.org/typescript/-/typescript-5.4.5.tgz",
      "integrity": "sha512-vcI4UpRgg81oIRUFwR0WSIHKt11nJ7SAVlYNIu+QpqeyXP+gpQJy/Z4+F0aGxSE4MqwjyXvW/TzgkLAx2AGHwQ==",
      "dev": true,
      "bin": {
        "tsc": "bin/tsc",
        "tsserver": "bin/tsserver"
      },
      "engines": {
        "node": ">=14.17"
      }
    },
    "node_modules/undici-types": {
      "version": "6.20.0",
      "resolved": "https://registry.npmjs.org/undici-types/-/undici-types-6.20.0.tgz",
      "integrity": "sha512-Ny6QZ2Nju20vw1SRHe3d9jVu6gJ+4e3+MMpqu7pqE5HT6WsTSlce++GQmK5UXS8mzV8DSYHrQH+Xrf2jVcuKNg==",
      "dev": true,
      "license": "MIT"
    },
    "node_modules/uuid": {
      "version": "8.3.2",
      "resolved": "https://registry.npmjs.org/uuid/-/uuid-8.3.2.tgz",
      "integrity": "sha512-+NYs2QeMWy+GWFOEm9xnn6HCDp0l7QBD7ml8zLUmJ+93Q5NF0NocErnwkTkXVFNiX3/fpC6afS8Dhb/gz7R7eg==",
      "bin": {
        "uuid": "dist/bin/uuid"
      }
    },
    "node_modules/wgs84": {
      "version": "0.0.0",
      "resolved": "https://registry.npmjs.org/wgs84/-/wgs84-0.0.0.tgz",
      "integrity": "sha512-ANHlY4Rb5kHw40D0NJ6moaVfOCMrp9Gpd1R/AIQYg2ko4/jzcJ+TVXYYF6kXJqQwITvEZP4yEthjM7U6rYlljQ=="
    },
    "Types/ecef-projector": {
      "name": "@types/ecef-projector",
      "version": "1.0.1",
      "dev": true,
      "license": "MIT"
    }
  }
}
